
Microsoft Visual Studio Solution File, Format Version 12.00
# Visual Studio 15
VisualStudioVersion = 15.0.27703.2026
MinimumVisualStudioVersion = 10.0.40219.1
Project("{FAE04EC0-301F-11D3-BF4B-00C04F79EFBC}") = "Tapeti", "Tapeti\Tapeti.csproj", "{CD14240D-1DD7-4312-8AFA-EA63E8CAAB6B}"
EndProject
Project("{FAE04EC0-301F-11D3-BF4B-00C04F79EFBC}") = "Tapeti.Annotations", "Tapeti.Annotations\Tapeti.Annotations.csproj", "{E1B6EF03-AFD2-4E57-BA1D-A1A6CE527AA5}"
EndProject
Project("{FAE04EC0-301F-11D3-BF4B-00C04F79EFBC}") = "Tapeti.DataAnnotations", "Tapeti.DataAnnotations\Tapeti.DataAnnotations.csproj", "{B2A7625E-5E2B-4644-A036-BD9CA283C27F}"
EndProject
Project("{FAE04EC0-301F-11D3-BF4B-00C04F79EFBC}") = "Tapeti.Flow", "Tapeti.Flow\Tapeti.Flow.csproj", "{9FDEAB85-A2E0-4711-992C-21A5C0910BAF}"
EndProject
Project("{FAE04EC0-301F-11D3-BF4B-00C04F79EFBC}") = "Tapeti.Flow.SQL", "Tapeti.Flow.SQL\Tapeti.Flow.SQL.csproj", "{C02C8D7D-76E7-48A3-AE67-B3B50549A5DE}"
EndProject
Project("{FAE04EC0-301F-11D3-BF4B-00C04F79EFBC}") = "Tapeti.SimpleInjector", "Tapeti.SimpleInjector\Tapeti.SimpleInjector.csproj", "{B2149B3E-672E-4EAC-8D68-062BB9712178}"
EndProject
Project("{FAE04EC0-301F-11D3-BF4B-00C04F79EFBC}") = "Tapeti.Tests", "Tapeti.Tests\Tapeti.Tests.csproj", "{855C1D90-A014-40C9-8FB7-996E8DD1ADC8}"
EndProject
Project("{FAE04EC0-301F-11D3-BF4B-00C04F79EFBC}") = "Test", "Test\Test.csproj", "{4AF5D893-6C60-4422-A6BC-E5347D4ED0F4}"
EndProject
Global
	GlobalSection(SolutionConfigurationPlatforms) = preSolution
		Debug|Any CPU = Debug|Any CPU
		Release|Any CPU = Release|Any CPU
	EndGlobalSection
	GlobalSection(ProjectConfigurationPlatforms) = postSolution
		{CD14240D-1DD7-4312-8AFA-EA63E8CAAB6B}.Debug|Any CPU.ActiveCfg = Debug|Any CPU
		{CD14240D-1DD7-4312-8AFA-EA63E8CAAB6B}.Debug|Any CPU.Build.0 = Debug|Any CPU
		{CD14240D-1DD7-4312-8AFA-EA63E8CAAB6B}.Release|Any CPU.ActiveCfg = Release|Any CPU
		{CD14240D-1DD7-4312-8AFA-EA63E8CAAB6B}.Release|Any CPU.Build.0 = Release|Any CPU
		{E1B6EF03-AFD2-4E57-BA1D-A1A6CE527AA5}.Debug|Any CPU.ActiveCfg = Debug|Any CPU
		{E1B6EF03-AFD2-4E57-BA1D-A1A6CE527AA5}.Debug|Any CPU.Build.0 = Debug|Any CPU
		{E1B6EF03-AFD2-4E57-BA1D-A1A6CE527AA5}.Release|Any CPU.ActiveCfg = Release|Any CPU
		{E1B6EF03-AFD2-4E57-BA1D-A1A6CE527AA5}.Release|Any CPU.Build.0 = Release|Any CPU
		{B2A7625E-5E2B-4644-A036-BD9CA283C27F}.Debug|Any CPU.ActiveCfg = Debug|Any CPU
		{B2A7625E-5E2B-4644-A036-BD9CA283C27F}.Debug|Any CPU.Build.0 = Debug|Any CPU
		{B2A7625E-5E2B-4644-A036-BD9CA283C27F}.Release|Any CPU.ActiveCfg = Release|Any CPU
		{B2A7625E-5E2B-4644-A036-BD9CA283C27F}.Release|Any CPU.Build.0 = Release|Any CPU
		{9FDEAB85-A2E0-4711-992C-21A5C0910BAF}.Debug|Any CPU.ActiveCfg = Debug|Any CPU
		{9FDEAB85-A2E0-4711-992C-21A5C0910BAF}.Debug|Any CPU.Build.0 = Debug|Any CPU
		{9FDEAB85-A2E0-4711-992C-21A5C0910BAF}.Release|Any CPU.ActiveCfg = Release|Any CPU
		{9FDEAB85-A2E0-4711-992C-21A5C0910BAF}.Release|Any CPU.Build.0 = Release|Any CPU
		{C02C8D7D-76E7-48A3-AE67-B3B50549A5DE}.Debug|Any CPU.ActiveCfg = Debug|Any CPU
		{C02C8D7D-76E7-48A3-AE67-B3B50549A5DE}.Debug|Any CPU.Build.0 = Debug|Any CPU
		{C02C8D7D-76E7-48A3-AE67-B3B50549A5DE}.Release|Any CPU.ActiveCfg = Release|Any CPU
		{C02C8D7D-76E7-48A3-AE67-B3B50549A5DE}.Release|Any CPU.Build.0 = Release|Any CPU
		{B2149B3E-672E-4EAC-8D68-062BB9712178}.Debug|Any CPU.ActiveCfg = Debug|Any CPU
		{B2149B3E-672E-4EAC-8D68-062BB9712178}.Debug|Any CPU.Build.0 = Debug|Any CPU
		{B2149B3E-672E-4EAC-8D68-062BB9712178}.Release|Any CPU.ActiveCfg = Release|Any CPU
		{B2149B3E-672E-4EAC-8D68-062BB9712178}.Release|Any CPU.Build.0 = Release|Any CPU
		{855C1D90-A014-40C9-8FB7-996E8DD1ADC8}.Debug|Any CPU.ActiveCfg = Debug|Any CPU
		{855C1D90-A014-40C9-8FB7-996E8DD1ADC8}.Debug|Any CPU.Build.0 = Debug|Any CPU
		{855C1D90-A014-40C9-8FB7-996E8DD1ADC8}.Release|Any CPU.ActiveCfg = Release|Any CPU
		{855C1D90-A014-40C9-8FB7-996E8DD1ADC8}.Release|Any CPU.Build.0 = Release|Any CPU
		{4AF5D893-6C60-4422-A6BC-E5347D4ED0F4}.Debug|Any CPU.ActiveCfg = Debug|Any CPU
		{4AF5D893-6C60-4422-A6BC-E5347D4ED0F4}.Debug|Any CPU.Build.0 = Debug|Any CPU
		{4AF5D893-6C60-4422-A6BC-E5347D4ED0F4}.Release|Any CPU.ActiveCfg = Release|Any CPU
		{4AF5D893-6C60-4422-A6BC-E5347D4ED0F4}.Release|Any CPU.Build.0 = Release|Any CPU
	EndGlobalSection
	GlobalSection(SolutionProperties) = preSolution
		HideSolutionNode = FALSE
	EndGlobalSection
	GlobalSection(ExtensibilityGlobals) = postSolution
		SolutionGuid = {C8CB985C-C903-49CC-87D5-E0E00760BB8F}
	EndGlobalSection
EndGlobal
